{
  "nodes": {
    "elisp-helpers": {
      "flake": false,
      "locked": {
        "lastModified": 1665027644,
        "narHash": "sha256-S55qcQBNZcwA2UKRd3Xxv+T9liuWNiGhi2u0GvzYoeo=",
        "owner": "emacs-twist",
        "repo": "elisp-helpers",
        "rev": "f3ff71386581b89eff58074ec7080c7326a17dca",
        "type": "github"
      },
      "original": {
        "owner": "emacs-twist",
        "repo": "elisp-helpers",
        "type": "github"
      }
    },
    "emacs-ci": {
      "flake": false,
      "locked": {
        "lastModified": 1671124940,
        "narHash": "sha256-jRkvXoAfgzm5um+dLlLe39vOLercLmMpt2FSycEKvnk=",
        "owner": "purcell",
        "repo": "nix-emacs-ci",
        "rev": "2d86204616009af71cd7ca736e1ab26cbe82fcbc",
        "type": "github"
      },
      "original": {
        "owner": "purcell",
        "repo": "nix-emacs-ci",
        "type": "github"
      }
    },
    "epkgs": {
      "flake": false,
      "locked": {
        "lastModified": 1669856861,
        "narHash": "sha256-KfvcBX/soHHl1R9scI1TfM02qj/38j9G1FQNYhaj3no=",
        "owner": "emacsmirror",
        "repo": "epkgs",
        "rev": "4e20f1d2dac649ff7d9fd849e095b3d8df601563",
        "type": "github"
      },
      "original": {
        "owner": "emacsmirror",
        "repo": "epkgs",
        "type": "github"
      }
    },
    "flake-utils": {
      "locked": {
        "lastModified": 1667395993,
        "narHash": "sha256-nuEHfE/LcWyuSWnS8t12N1wc105Qtau+/OdUAjtQ0rA=",
        "owner": "numtide",
        "repo": "flake-utils",
        "rev": "5aed5285a952e0b949eb3ba02c12fa4fcfef535f",
        "type": "github"
      },
      "original": {
        "owner": "numtide",
        "repo": "flake-utils",
        "type": "github"
      }
    },
    "fromElisp": {
      "flake": false,
      "locked": {
        "lastModified": 1649625973,
        "narHash": "sha256-y/7IsibjBGY3uUN9K/VMKPTVAbgsV0Xdi8Hnv6Nq76E=",
        "owner": "talyz",
        "repo": "fromElisp",
        "rev": "edd1301d1fc35440ae6c918ca92039233e3d770f",
        "type": "github"
      },
      "original": {
        "owner": "talyz",
        "repo": "fromElisp",
        "type": "github"
      }
    },
    "gnu-elpa": {
      "flake": false,
      "locked": {
        "lastModified": 1669813888,
        "narHash": "sha256-Rlt6JogHwlOqBHJGmynLmC6bYZElNZgSBXd99b1dbac=",
        "ref": "main",
        "rev": "b162472eb65dee5c38c88cbeac1a43dbfc00d3f3",
        "revCount": 470,
        "type": "git",
        "url": "https://git.savannah.gnu.org/git/emacs/elpa.git"
      },
      "original": {
        "ref": "main",
        "type": "git",
        "url": "https://git.savannah.gnu.org/git/emacs/elpa.git"
      }
    },
    "melpa": {
      "flake": false,
      "locked": {
        "lastModified": 1669856792,
        "narHash": "sha256-en6/IdvqmERcaeS2xAmnc3jHH+I+6wAuDjF8DG7sC84=",
        "owner": "melpa",
        "repo": "melpa",
        "rev": "8e2676f0a686e56bd4ac56f79526fcbda37b0e29",
        "type": "github"
      },
      "original": {
        "owner": "melpa",
        "repo": "melpa",
        "type": "github"
      }
    },
    "nongnu": {
      "flake": false,
      "locked": {
        "lastModified": 1670081494,
        "narHash": "sha256-kNhGZ+jreY/KOXHad6emNFn8Tuca7UF53H3KwmtQk9Q=",
        "ref": "main",
        "rev": "ddfb68cf9fa55823d815d426910e07ea3a2a5130",
        "revCount": 249,
        "type": "git",
        "url": "https://git.savannah.gnu.org/git/emacs/nongnu.git"
      },
      "original": {
        "ref": "main",
        "type": "git",
        "url": "https://git.savannah.gnu.org/git/emacs/nongnu.git"
      }
    },
    "root": {
      "inputs": {
        "emacs-ci": "emacs-ci",
        "epkgs": "epkgs",
        "flake-utils": "flake-utils",
        "gnu-elpa": "gnu-elpa",
        "melpa": "melpa",
        "nongnu": "nongnu",
        "twist": "twist"
      }
    },
    "twist": {
      "inputs": {
        "elisp-helpers": "elisp-helpers",
        "fromElisp": "fromElisp"
      },
      "locked": {
        "lastModified": 1670133501,
        "narHash": "sha256-9LexaABczz4fAWR/cv/7uIoHb/nNnWaqjNl+Fyhq/S4=",
        "owner": "emacs-twist",
        "repo": "twist.nix",
        "rev": "6c4e9364d9090db17d9de1abe1c2f15713a0249b",
        "type": "github"
      },
      "original": {
        "owner": "emacs-twist",
        "repo": "twist.nix",
        "type": "github"
      }
    }
  },
  "root": "root",
  "version": 7
}
