{
  "nodes": {
    "elisp-helpers": {
      "flake": false,
      "locked": {
        "lastModified": 1653582233,
        "narHash": "sha256-AKfLXQeu97IgCp6GXLZoG85cqIoeK/36y/AnJeLq87Y=",
        "owner": "emacs-twist",
        "repo": "elisp-helpers",
        "rev": "e10097d2666af196664e12d62dd5c355f9e736e7",
        "type": "github"
      },
      "original": {
        "owner": "emacs-twist",
        "repo": "elisp-helpers",
        "type": "github"
      }
    },
    "emacs": {
      "flake": false,
      "locked": {
        "lastModified": 1658072149,
        "narHash": "sha256-NcFKKsdkr/HAIdoVs6o6AfmbLFTs4vEmzl+WwCPlDoE=",
        "owner": "emacs-mirror",
        "repo": "emacs",
        "rev": "d62766305ad8fe6ca1695341c34b9836d051e3cb",
        "type": "github"
      },
      "original": {
        "owner": "emacs-mirror",
        "repo": "emacs",
        "type": "github"
      }
    },
    "emacs-ci": {
      "flake": false,
      "locked": {
        "lastModified": 1657725836,
        "narHash": "sha256-M5Wae04TPNqP7dca017ABK+cKjLeyMHK1MzjmV4Y4zo=",
        "owner": "purcell",
        "repo": "nix-emacs-ci",
        "rev": "fd30d006bf9a8f1a42c79927872f70b5619d6098",
        "type": "github"
      },
      "original": {
        "owner": "purcell",
        "repo": "nix-emacs-ci",
        "type": "github"
      }
    },
    "epkgs": {
      "flake": false,
      "locked": {
        "lastModified": 1655724529,
        "narHash": "sha256-cKceSIfXrJm6SZfnt2RYaGlze3rHQYdyIacqLjvzD9c=",
        "owner": "emacsmirror",
        "repo": "epkgs",
        "rev": "e314c55000a884afb899a06f2b8ccad6e728fca4",
        "type": "github"
      },
      "original": {
        "owner": "emacsmirror",
        "repo": "epkgs",
        "type": "github"
      }
    },
    "flake-utils": {
      "locked": {
        "lastModified": 1656928814,
        "narHash": "sha256-RIFfgBuKz6Hp89yRr7+NR5tzIAbn52h8vT6vXkYjZoM=",
        "owner": "numtide",
        "repo": "flake-utils",
        "rev": "7e2a3b3dfd9af950a856d66b0a7d01e3c18aa249",
        "type": "github"
      },
      "original": {
        "owner": "numtide",
        "repo": "flake-utils",
        "type": "github"
      }
    },
    "fromElisp": {
      "flake": false,
      "locked": {
        "lastModified": 1649625973,
        "narHash": "sha256-y/7IsibjBGY3uUN9K/VMKPTVAbgsV0Xdi8Hnv6Nq76E=",
        "owner": "talyz",
        "repo": "fromElisp",
        "rev": "edd1301d1fc35440ae6c918ca92039233e3d770f",
        "type": "github"
      },
      "original": {
        "owner": "talyz",
        "repo": "fromElisp",
        "type": "github"
      }
    },
    "gnu-elpa": {
      "flake": false,
      "locked": {
        "lastModified": 1657497556,
        "narHash": "sha256-bA0t83pKCkZDJwIxITp1bK5oxeaxpzf0t4yb9ft/nAg=",
        "ref": "main",
        "rev": "dd3811443f88bcf0ea69431ee309df12cb77d89a",
        "revCount": 391,
        "type": "git",
        "url": "https://git.savannah.gnu.org/git/emacs/elpa.git"
      },
      "original": {
        "ref": "main",
        "type": "git",
        "url": "https://git.savannah.gnu.org/git/emacs/elpa.git"
      }
    },
    "melpa": {
      "flake": false,
      "locked": {
        "lastModified": 1657991379,
        "narHash": "sha256-rA0CPw+NoF1cgy8MObyG73vFfUKyAp82vKBnWnuThoo=",
        "owner": "melpa",
        "repo": "melpa",
        "rev": "944b211053299e32737051e69e9e5685d1648379",
        "type": "github"
      },
      "original": {
        "owner": "melpa",
        "repo": "melpa",
        "type": "github"
      }
    },
    "nongnu": {
      "flake": false,
      "locked": {
        "lastModified": 1657521862,
        "narHash": "sha256-91JruROBa2+EQu647VzhzBXfmQ/DHURS6AEf9eLp5JM=",
        "ref": "main",
        "rev": "e89ff131aee82525e64d726b2c89116af82855a8",
        "revCount": 214,
        "type": "git",
        "url": "https://git.savannah.gnu.org/git/emacs/nongnu.git"
      },
      "original": {
        "ref": "main",
        "type": "git",
        "url": "https://git.savannah.gnu.org/git/emacs/nongnu.git"
      }
    },
    "root": {
      "inputs": {
        "emacs": "emacs",
        "emacs-ci": "emacs-ci",
        "epkgs": "epkgs",
        "flake-utils": "flake-utils",
        "gnu-elpa": "gnu-elpa",
        "melpa": "melpa",
        "nongnu": "nongnu",
        "twist": "twist"
      }
    },
    "twist": {
      "inputs": {
        "elisp-helpers": "elisp-helpers",
        "fromElisp": "fromElisp"
      },
      "locked": {
        "lastModified": 1656212327,
        "narHash": "sha256-ua0Ys2EwKFMocnaL5qZD9sLrFKpBIa2bYxFv2F6qKzs=",
        "owner": "emacs-twist",
        "repo": "twist.nix",
        "rev": "e563ee66961c63595ff84ac2bcbad932ef6e4b04",
        "type": "github"
      },
      "original": {
        "owner": "emacs-twist",
        "repo": "twist.nix",
        "type": "github"
      }
    }
  },
  "root": "root",
  "version": 7
}
