{
  "nodes": {
    "elisp-helpers": {
      "flake": false,
      "locked": {
        "lastModified": 1728187985,
        "narHash": "sha256-n6blnx4Q0ibNrXriEKBBIfNIo1OuULY9Tt+D2frGvtc=",
        "owner": "emacs-twist",
        "repo": "elisp-helpers",
        "rev": "83b86dbe5132125e230b1caf9dcef6147209c258",
        "type": "github"
      },
      "original": {
        "owner": "emacs-twist",
        "repo": "elisp-helpers",
        "type": "github"
      }
    },
    "root": {
      "inputs": {
        "elisp-helpers": "elisp-helpers"
      }
    }
  },
  "root": "root",
  "version": 7
}
