{
  "bbdb": {
    "archive": {
      "narHash": "sha256-3kkU51Xd1nmPgAzwf4S95m6eZ9w15aLCDdVei6ZIJ7o=",
      "type": "tarball",
      "url": "https://elpa.gnu.org/packages/bbdb-3.2.2.2.tar"
    },
    "inventory": {
      "type": "archive",
      "url": "https://elpa.gnu.org/packages/"
    },
    "packageRequires": {
      "cl-lib": "0.5",
      "emacs": "24"
    },
    "version": "3.2.2.2"
  },
  "dict-tree": {
    "archive": {
      "narHash": "sha256-oOLncpjxAcSi5SBGCwr/2TCWdJwR1wQVyPBpZ2Wu/3I=",
      "type": "tarball",
      "url": "https://elpa.gnu.org/packages/dict-tree-0.16.tar"
    },
    "inventory": {
      "type": "archive",
      "url": "https://elpa.gnu.org/packages/"
    },
    "packageRequires": {
      "heap": "0.3",
      "tNFA": "0.1.1",
      "trie": "0.3"
    },
    "version": "0.16"
  },
  "heap": {
    "archive": {
      "narHash": "sha256-sZ0BZW9/lEzeurBfd2nzh+5F+xOzrbBUozdxk3E0EkQ=",
      "type": "file",
      "url": "https://elpa.gnu.org/packages/heap-0.5.el"
    },
    "inventory": {
      "type": "archive",
      "url": "https://elpa.gnu.org/packages/"
    },
    "packageRequires": {},
    "version": "0.5"
  },
  "ivy": {
    "archive": {
      "narHash": "sha256-qoK7Sk3npmID1UD2BZ4IQGJpMtfmYpTXhrpz0/uJb6w=",
      "type": "tarball",
      "url": "https://elpa.gnu.org/packages/ivy-0.13.4.tar"
    },
    "inventory": {
      "type": "archive",
      "url": "https://elpa.gnu.org/packages/"
    },
    "packageRequires": {
      "emacs": "24.5"
    },
    "version": "0.13.4"
  },
  "queue": {
    "archive": {
      "narHash": "sha256-cbv1sqH7LJXdRZ/teyScnysvsn8/JcaPqrRBc7jGrZw=",
      "type": "file",
      "url": "https://elpa.gnu.org/packages/queue-0.2.el"
    },
    "inventory": {
      "type": "archive",
      "url": "https://elpa.gnu.org/packages/"
    },
    "packageRequires": {},
    "version": "0.2"
  },
  "tNFA": {
    "archive": {
      "narHash": "sha256-ASFlaAupNzeXOXUgKO2wbysHCt3G2M7N5HAPBYgw+9U=",
      "type": "file",
      "url": "https://elpa.gnu.org/packages/tNFA-0.1.1.el"
    },
    "inventory": {
      "type": "archive",
      "url": "https://elpa.gnu.org/packages/"
    },
    "packageRequires": {
      "queue": "0.1"
    },
    "version": "0.1.1"
  },
  "trie": {
    "archive": {
      "narHash": "sha256-7Lrmt6zItGT8/Eee8SLBwzTaXEF3hRS7XigJP6n7UYI=",
      "type": "tarball",
      "url": "https://elpa.gnu.org/packages/trie-0.5.tar"
    },
    "inventory": {
      "type": "archive",
      "url": "https://elpa.gnu.org/packages/"
    },
    "packageRequires": {
      "heap": "0.3",
      "tNFA": "0.1.1"
    },
    "version": "0.5"
  }
}
