{
  "bbdb": {
    "archive": {
      "narHash": "sha256-Rm2emSb8aahT5aPdMwhDXnpMRV1JZyUMWBEohXDYpkM=",
      "type": "tarball",
      "url": "https://elpa.gnu.org/packages/bbdb-3.2.1.tar"
    },
    "inventory": {
      "type": "archive",
      "url": "https://elpa.gnu.org/packages/"
    },
    "packageRequires": {
      "cl-lib": "0.5",
      "emacs": "24"
    },
    "version": "3.2.1"
  },
  "ivy": {
    "archive": {
      "narHash": "sha256-qoK7Sk3npmID1UD2BZ4IQGJpMtfmYpTXhrpz0/uJb6w=",
      "type": "tarball",
      "url": "https://elpa.gnu.org/packages/ivy-0.13.4.tar"
    },
    "inventory": {
      "type": "archive",
      "url": "https://elpa.gnu.org/packages/"
    },
    "packageRequires": {
      "emacs": "24.5"
    },
    "version": "0.13.4"
  }
}
