{
  "nodes": {
    "async": {
      "flake": false,
      "locked": {
        "lastModified": 1451290400,
        "narHash": "sha256-5nTkAnB6SOsFg9aXOxI5oON9RBByVO3Lq/vrmqHVgw4=",
        "owner": "jwiegley",
        "repo": "emacs-async",
        "rev": "1794ea4955c6eeb62471b232a2d4fd6a6925a2c9",
        "type": "github"
      },
      "original": {
        "owner": "jwiegley",
        "repo": "emacs-async",
        "type": "github"
      }
    },
    "bind-key": {
      "flake": false,
      "locked": {
        "lastModified": 1612973363,
        "narHash": "sha256-Cyu9GixhdKUaGADCC/pmyEdRxRLIE97XgqSIcsh74v8=",
        "owner": "jwiegley",
        "repo": "use-package",
        "rev": "a7422fb8ab1baee19adb2717b5b47b9c3812a84c",
        "type": "github"
      },
      "original": {
        "owner": "jwiegley",
        "repo": "use-package",
        "type": "github"
      }
    },
    "consult": {
      "flake": false,
      "locked": {
        "lastModified": 1641927766,
        "narHash": "sha256-6kYwwn0S1hDKM5mqLyKLp4BsaAU0KyoWLyzvwkypRYs=",
        "owner": "minad",
        "repo": "consult",
        "rev": "b33cb2ef098b0f212d035e2677afdd7f04340765",
        "type": "github"
      },
      "original": {
        "owner": "minad",
        "repo": "consult",
        "type": "github"
      }
    },
    "dash": {
      "flake": false,
      "locked": {
        "lastModified": 1632096711,
        "narHash": "sha256-oeIUEe5OGgij6IessN6bmS7re5r+D5BlrU4MOsaK3JE=",
        "owner": "magnars",
        "repo": "dash.el",
        "rev": "da167c51e9fd167a48d06c7c0ee8e3ac7abd9718",
        "type": "github"
      },
      "original": {
        "owner": "magnars",
        "repo": "dash.el",
        "type": "github"
      }
    },
    "doom-themes": {
      "flake": false,
      "locked": {
        "lastModified": 1641391569,
        "narHash": "sha256-C1fdVsbMjYA+rh4zL2m+6AmgX4WDVaMHZ9YVxzbVAl4=",
        "owner": "doomemacs",
        "repo": "themes",
        "rev": "56e8a93b2dd8f2c10a693f36c3317833211201f2",
        "type": "github"
      },
      "original": {
        "owner": "doomemacs",
        "repo": "themes",
        "type": "github"
      }
    },
    "drag-stuff": {
      "flake": false,
      "locked": {
        "lastModified": 1502911178,
        "narHash": "sha256-jeGQIL/on2++Wo9HFPUYbmupcv9wCtO/7AwUGSxCUrs=",
        "owner": "rejeep",
        "repo": "drag-stuff.el",
        "rev": "6d06d846cd37c052d79acd0f372c13006aa7e7c8",
        "type": "github"
      },
      "original": {
        "owner": "rejeep",
        "repo": "drag-stuff.el",
        "type": "github"
      }
    },
    "git-commit": {
      "flake": false,
      "locked": {
        "lastModified": 1641899817,
        "narHash": "sha256-y1qiKyWmHxZA3U9MWgVmGH0tfhm5gBexPGZFuaJNQ1k=",
        "owner": "magit",
        "repo": "magit",
        "rev": "0ac05f39624d1d8f2cd6cb2d2f1aa2e387a9c70a",
        "type": "github"
      },
      "original": {
        "owner": "magit",
        "repo": "magit",
        "type": "github"
      }
    },
    "google-translate": {
      "flake": false,
      "locked": {
        "lastModified": 1617709095,
        "narHash": "sha256-rvviaqVoigix3jd4ys2KN8nst//14tXn2/iz+46zP44=",
        "owner": "atykhonov",
        "repo": "google-translate",
        "rev": "0f7f48a09bca064999ecea03102a7c96f52cbd1b",
        "type": "github"
      },
      "original": {
        "owner": "atykhonov",
        "repo": "google-translate",
        "type": "github"
      }
    },
    "magit": {
      "flake": false,
      "locked": {
        "lastModified": 1641899817,
        "narHash": "sha256-y1qiKyWmHxZA3U9MWgVmGH0tfhm5gBexPGZFuaJNQ1k=",
        "owner": "magit",
        "repo": "magit",
        "rev": "0ac05f39624d1d8f2cd6cb2d2f1aa2e387a9c70a",
        "type": "github"
      },
      "original": {
        "owner": "magit",
        "repo": "magit",
        "type": "github"
      }
    },
    "magit-section": {
      "flake": false,
      "locked": {
        "lastModified": 1641899817,
        "narHash": "sha256-y1qiKyWmHxZA3U9MWgVmGH0tfhm5gBexPGZFuaJNQ1k=",
        "owner": "magit",
        "repo": "magit",
        "rev": "0ac05f39624d1d8f2cd6cb2d2f1aa2e387a9c70a",
        "type": "github"
      },
      "original": {
        "owner": "magit",
        "repo": "magit",
        "type": "github"
      }
    },
    "org-transclusion": {
      "flake": false,
      "locked": {
        "lastModified": 1641920355,
        "narHash": "sha256-sENt4HsoZ4gcWJo4gdfgBw8PPyBeAserkDJSAHMVBgc=",
        "owner": "nobiot",
        "repo": "org-transclusion",
        "rev": "2d44c56fb666da2dbb6c988389a21bee5bdd406c",
        "type": "github"
      },
      "original": {
        "owner": "nobiot",
        "repo": "org-transclusion",
        "type": "github"
      }
    },
    "popup": {
      "flake": false,
      "locked": {
        "lastModified": 1650468262,
        "narHash": "sha256-nGoaA+EQ04oiOnygzA13AUWqAwJaqlZ1Ctkx+UbavdE=",
        "owner": "auto-complete",
        "repo": "popup-el",
        "rev": "3bf430270c74dad830ab9d776aab23cbf3ea3953",
        "type": "github"
      },
      "original": {
        "owner": "auto-complete",
        "repo": "popup-el",
        "type": "github"
      }
    },
    "root": {
      "inputs": {
        "async": "async",
        "bind-key": "bind-key",
        "consult": "consult",
        "dash": "dash",
        "doom-themes": "doom-themes",
        "drag-stuff": "drag-stuff",
        "git-commit": "git-commit",
        "google-translate": "google-translate",
        "magit": "magit",
        "magit-section": "magit-section",
        "org-transclusion": "org-transclusion",
        "popup": "popup",
        "tramp": "tramp",
        "undo-browse": "undo-browse",
        "undo-tree": "undo-tree",
        "use-package": "use-package",
        "vertico": "vertico",
        "with-editor": "with-editor"
      }
    },
    "tramp": {
      "flake": false,
      "locked": {
        "lastModified": 1640856373,
        "narHash": "sha256-6BKmc6WR7Rpr6WneWUtG1wP8GJRPBEk8Ur2MVJyKluc=",
        "ref": "externals/tramp",
        "rev": "0670be7423165441a6effbcb006f74c06bca153b",
        "revCount": 56,
        "type": "git",
        "url": "git://git.sv.gnu.org/tramp.git"
      },
      "original": {
        "ref": "externals/tramp",
        "type": "git",
        "url": "git://git.sv.gnu.org/tramp.git"
      }
    },
    "undo-browse": {
      "flake": false,
      "locked": {
        "lastModified": 1259864529,
        "narHash": "sha256-AM7EgHrN4gSt/ctcd2CXBRpVBbc3Ef1YmGJNw3/46eI=",
        "owner": "emacsattic",
        "repo": "undo-browse",
        "rev": "34fcaeb6cd4b73d84b43c02196d0af8659f25841",
        "type": "github"
      },
      "original": {
        "owner": "emacsattic",
        "repo": "undo-browse",
        "type": "github"
      }
    },
    "undo-tree": {
      "flake": false,
      "locked": {
        "lastModified": 1616545491,
        "narHash": "sha256-Lrp9ooVtDQWUE0/xEjfdJmE7tA7WJyJCbQhIJdeIkEQ=",
        "ref": "master",
        "rev": "2bf5e230f1d11df7bbd9d8c722749e34482bc458",
        "revCount": 201,
        "type": "git",
        "url": "https://gitlab.com/tsc25/undo-tree"
      },
      "original": {
        "type": "git",
        "url": "https://gitlab.com/tsc25/undo-tree"
      }
    },
    "use-package": {
      "flake": false,
      "locked": {
        "lastModified": 1612973363,
        "narHash": "sha256-Cyu9GixhdKUaGADCC/pmyEdRxRLIE97XgqSIcsh74v8=",
        "owner": "jwiegley",
        "repo": "use-package",
        "rev": "a7422fb8ab1baee19adb2717b5b47b9c3812a84c",
        "type": "github"
      },
      "original": {
        "owner": "jwiegley",
        "repo": "use-package",
        "type": "github"
      }
    },
    "vertico": {
      "flake": false,
      "locked": {
        "lastModified": 1641929865,
        "narHash": "sha256-8tnyyiQePwM2Dfoqsu6I1X/MvRawEwVrpZNHT5vHoeg=",
        "owner": "minad",
        "repo": "vertico",
        "rev": "716b618791268d14a53a4aa13f56bba6ff3fb346",
        "type": "github"
      },
      "original": {
        "owner": "minad",
        "repo": "vertico",
        "type": "github"
      }
    },
    "with-editor": {
      "flake": false,
      "locked": {
        "lastModified": 1641553002,
        "narHash": "sha256-SLklNghhAS8HqPgOaajcMkGPh2sgTPwbdrvcnEIwRhk=",
        "owner": "magit",
        "repo": "with-editor",
        "rev": "a4e720b12a0946a271a274bbe0b45ae07f83520b",
        "type": "github"
      },
      "original": {
        "owner": "magit",
        "repo": "with-editor",
        "type": "github"
      }
    }
  },
  "root": "root",
  "version": 7
}
