{
  "nodes": {
    "async": {
      "flake": false,
      "locked": {
        "lastModified": 1451290400,
        "narHash": "sha256-5nTkAnB6SOsFg9aXOxI5oON9RBByVO3Lq/vrmqHVgw4=",
        "owner": "jwiegley",
        "repo": "emacs-async",
        "rev": "1794ea4955c6eeb62471b232a2d4fd6a6925a2c9",
        "type": "github"
      },
      "original": {
        "owner": "jwiegley",
        "repo": "emacs-async",
        "type": "github"
      }
    },
    "bbdb": {
      "flake": false,
      "locked": {
        "lastModified": 1698051791,
        "narHash": "sha256-PvuR28XjiF+CnQHECAU4C+aI9rBmna00n3zELbZ3ZIA=",
        "type": "tarball",
        "url": "https://raw.githubusercontent.com/d12frosted/elpa-mirror/master/gnu/bbdb-3.2.2.4.tar"
      },
      "original": {
        "type": "tarball",
        "url": "https://raw.githubusercontent.com/d12frosted/elpa-mirror/master/gnu/bbdb-3.2.2.4.tar"
      }
    },
    "compat": {
      "flake": false,
      "locked": {
        "lastModified": 1750343338,
        "narHash": "sha256-pLb+dt/PPvKZi4sRN9/EPrKvEC1felBk9jJoXKq4fxI=",
        "owner": "emacs-compat",
        "repo": "compat",
        "rev": "cccd41f549fa88031a32deb26253b462021d7e12",
        "type": "github"
      },
      "original": {
        "owner": "emacs-compat",
        "repo": "compat",
        "type": "github"
      }
    },
    "consult": {
      "flake": false,
      "locked": {
        "lastModified": 1755524409,
        "narHash": "sha256-Sw9daCKGIwrCRjau/hly1xI1JUv4elA2HM+uXDrMGXk=",
        "owner": "minad",
        "repo": "consult",
        "rev": "9c79441fb8ec6d837bf6f3fa1124aa7c2f980669",
        "type": "github"
      },
      "original": {
        "owner": "minad",
        "repo": "consult",
        "type": "github"
      }
    },
    "dash": {
      "flake": false,
      "locked": {
        "lastModified": 1755165091,
        "narHash": "sha256-X1ugYAPFgoQoD6teyvGoqcfEau6Jp2akci2fAMgYkS0=",
        "owner": "magnars",
        "repo": "dash.el",
        "rev": "af5ea5d8a13735fa27d2c3e6f756d065639a7b45",
        "type": "github"
      },
      "original": {
        "owner": "magnars",
        "repo": "dash.el",
        "type": "github"
      }
    },
    "dict-tree": {
      "flake": false,
      "locked": {
        "lastModified": 1697403832,
        "narHash": "sha256-ydD8+1MpaKhMAM0/1U8pylr7dSDjOFSRkKB6I2+Xywg=",
        "type": "tarball",
        "url": "https://raw.githubusercontent.com/d12frosted/elpa-mirror/master/gnu/dict-tree-0.17.tar"
      },
      "original": {
        "type": "tarball",
        "url": "https://raw.githubusercontent.com/d12frosted/elpa-mirror/master/gnu/dict-tree-0.17.tar"
      }
    },
    "doom-themes": {
      "flake": false,
      "locked": {
        "lastModified": 1749895116,
        "narHash": "sha256-0e2ds8a2gyMBIEdZ3xUwXpB8/I9j5YvjFmHd5D7sOwo=",
        "owner": "doomemacs",
        "repo": "themes",
        "rev": "3152c60bb55365ebd3b042a40aa68c9b756667f7",
        "type": "github"
      },
      "original": {
        "owner": "doomemacs",
        "repo": "themes",
        "type": "github"
      }
    },
    "drag-stuff": {
      "flake": false,
      "locked": {
        "lastModified": 1502911178,
        "narHash": "sha256-jeGQIL/on2++Wo9HFPUYbmupcv9wCtO/7AwUGSxCUrs=",
        "owner": "rejeep",
        "repo": "drag-stuff.el",
        "rev": "6d06d846cd37c052d79acd0f372c13006aa7e7c8",
        "type": "github"
      },
      "original": {
        "owner": "rejeep",
        "repo": "drag-stuff.el",
        "type": "github"
      }
    },
    "google-translate": {
      "flake": false,
      "locked": {
        "lastModified": 1736921359,
        "narHash": "sha256-/XUH8Tbp/5ftncod+5MdwPzRJe+XIQXsXkZEjFdGCbw=",
        "owner": "atykhonov",
        "repo": "google-translate",
        "rev": "e84599df7c70870b33dd6c902b527d7f78310815",
        "type": "github"
      },
      "original": {
        "owner": "atykhonov",
        "repo": "google-translate",
        "type": "github"
      }
    },
    "heap": {
      "flake": false,
      "locked": {
        "lastModified": 1711877323,
        "narHash": "sha256-LlBUyzpVQ6EkuiNjxhcURCH5v34KZ2Jbp48kBYnUEMg=",
        "type": "tarball",
        "url": "https://raw.githubusercontent.com/d12frosted/elpa-mirror/master/gnu/heap-0.5.tar"
      },
      "original": {
        "type": "tarball",
        "url": "https://raw.githubusercontent.com/d12frosted/elpa-mirror/master/gnu/heap-0.5.tar"
      }
    },
    "ivy": {
      "flake": false,
      "locked": {
        "lastModified": 1743282211,
        "narHash": "sha256-EBsRqOZS1j5ZJYwFeFMhzpUsHZOfM8A1bmIOZwrcv6A=",
        "type": "tarball",
        "url": "https://raw.githubusercontent.com/d12frosted/elpa-mirror/master/gnu/ivy-0.15.1.tar"
      },
      "original": {
        "type": "tarball",
        "url": "https://raw.githubusercontent.com/d12frosted/elpa-mirror/master/gnu/ivy-0.15.1.tar"
      }
    },
    "llama": {
      "flake": false,
      "locked": {
        "lastModified": 1755005770,
        "narHash": "sha256-q4A9R7SQdpiVCOQOagqhzgEeFTJlnMzkHahE6sFzrRA=",
        "owner": "tarsius",
        "repo": "llama",
        "rev": "5990ae7b5cba3425252f64b9377352c9a01690d5",
        "type": "github"
      },
      "original": {
        "owner": "tarsius",
        "repo": "llama",
        "type": "github"
      }
    },
    "magit": {
      "flake": false,
      "locked": {
        "lastModified": 1755450392,
        "narHash": "sha256-mGtDdIbtzz/Ut60Y4qbq3uH6UAFRcsBuNMf4OI6h9XQ=",
        "owner": "magit",
        "repo": "magit",
        "rev": "78334faa219e937855cd4bf7d9c2ab44d51b2dfa",
        "type": "github"
      },
      "original": {
        "owner": "magit",
        "repo": "magit",
        "type": "github"
      }
    },
    "magit-section": {
      "flake": false,
      "locked": {
        "lastModified": 1755450392,
        "narHash": "sha256-mGtDdIbtzz/Ut60Y4qbq3uH6UAFRcsBuNMf4OI6h9XQ=",
        "owner": "magit",
        "repo": "magit",
        "rev": "78334faa219e937855cd4bf7d9c2ab44d51b2dfa",
        "type": "github"
      },
      "original": {
        "owner": "magit",
        "repo": "magit",
        "type": "github"
      }
    },
    "org-transclusion": {
      "flake": false,
      "locked": {
        "lastModified": 1737316616,
        "narHash": "sha256-uU+Vi+wlps+dvNT7elb2ax1opiLUw0cuyju9R+hjEAo=",
        "owner": "nobiot",
        "repo": "org-transclusion",
        "rev": "e9728b0b14b5c2e5d3b68af98f772ed99e136b48",
        "type": "github"
      },
      "original": {
        "owner": "nobiot",
        "repo": "org-transclusion",
        "type": "github"
      }
    },
    "popup": {
      "flake": false,
      "locked": {
        "lastModified": 1755007360,
        "narHash": "sha256-3Rkb9mjOqOGuSsAa7yW83Ny4AxW3ClDieBeSIY9imXQ=",
        "owner": "auto-complete",
        "repo": "popup-el",
        "rev": "b189a4e8ccf18356395878c3d38a23df834d3898",
        "type": "github"
      },
      "original": {
        "owner": "auto-complete",
        "repo": "popup-el",
        "type": "github"
      }
    },
    "queue": {
      "flake": false,
      "locked": {
        "lastModified": 1711878711,
        "narHash": "sha256-l1a18KhqXRtir2NSDVEY4yWGoUl97Vo9CvD1T9Jpw/Q=",
        "type": "tarball",
        "url": "https://raw.githubusercontent.com/d12frosted/elpa-mirror/master/gnu/queue-0.2.tar"
      },
      "original": {
        "type": "tarball",
        "url": "https://raw.githubusercontent.com/d12frosted/elpa-mirror/master/gnu/queue-0.2.tar"
      }
    },
    "refactor": {
      "flake": false,
      "locked": {
        "lastModified": 1294521240,
        "narHash": "sha256-/GCkvECaUbMvtv4digvqxaqlW68X4/d/P0Yn3WVnG6U=",
        "owner": "emacsattic",
        "repo": "refactor",
        "rev": "5ee61bbd2bc5622a802d9e9283c6e1b23e2bf580",
        "type": "github"
      },
      "original": {
        "owner": "emacsattic",
        "repo": "refactor",
        "type": "github"
      }
    },
    "root": {
      "inputs": {
        "async": "async",
        "bbdb": "bbdb",
        "compat": "compat",
        "consult": "consult",
        "dash": "dash",
        "dict-tree": "dict-tree",
        "doom-themes": "doom-themes",
        "drag-stuff": "drag-stuff",
        "google-translate": "google-translate",
        "heap": "heap",
        "ivy": "ivy",
        "llama": "llama",
        "magit": "magit",
        "magit-section": "magit-section",
        "org-transclusion": "org-transclusion",
        "popup": "popup",
        "queue": "queue",
        "refactor": "refactor",
        "tNFA": "tNFA",
        "tramp": "tramp",
        "trie": "trie",
        "undo-tree": "undo-tree",
        "vertico": "vertico",
        "with-editor": "with-editor"
      }
    },
    "tNFA": {
      "flake": false,
      "locked": {
        "narHash": "sha256-ASFlaAupNzeXOXUgKO2wbysHCt3G2M7N5HAPBYgw+9U=",
        "type": "file",
        "url": "https://raw.githubusercontent.com/d12frosted/elpa-mirror/master/gnu/tNFA-0.1.1.el"
      },
      "original": {
        "type": "file",
        "url": "https://raw.githubusercontent.com/d12frosted/elpa-mirror/master/gnu/tNFA-0.1.1.el"
      }
    },
    "tramp": {
      "flake": false,
      "locked": {
        "lastModified": 1753921047,
        "narHash": "sha256-bOFfNhdotBGCQ2OGTawwWoI4EcTZGK8INsHTpXDhoIE=",
        "owner": "emacs-straight",
        "repo": "tramp",
        "rev": "ed8af4fa820d87cb935ff75cbda5c6001887b5b4",
        "type": "github"
      },
      "original": {
        "owner": "emacs-straight",
        "ref": "master",
        "repo": "tramp",
        "type": "github"
      }
    },
    "trie": {
      "flake": false,
      "locked": {
        "lastModified": 1697360670,
        "narHash": "sha256-FpkdWXrrgFEF/NHepkINHIlpYI72M+DaJwBg3r9GPMQ=",
        "type": "tarball",
        "url": "https://raw.githubusercontent.com/d12frosted/elpa-mirror/master/gnu/trie-0.6.tar"
      },
      "original": {
        "type": "tarball",
        "url": "https://raw.githubusercontent.com/d12frosted/elpa-mirror/master/gnu/trie-0.6.tar"
      }
    },
    "undo-tree": {
      "flake": false,
      "locked": {
        "lastModified": 1616545491,
        "narHash": "sha256-Lrp9ooVtDQWUE0/xEjfdJmE7tA7WJyJCbQhIJdeIkEQ=",
        "ref": "refs/heads/master",
        "rev": "2bf5e230f1d11df7bbd9d8c722749e34482bc458",
        "revCount": 201,
        "type": "git",
        "url": "https://gitlab.com/tsc25/undo-tree"
      },
      "original": {
        "type": "git",
        "url": "https://gitlab.com/tsc25/undo-tree"
      }
    },
    "vertico": {
      "flake": false,
      "locked": {
        "lastModified": 1754457801,
        "narHash": "sha256-LiO62Ls14QCcug7IpBOqdcMQ7/Ah321D/7F4rF6ID6I=",
        "owner": "minad",
        "repo": "vertico",
        "rev": "c479ee6d2d31478a5dd8235157c8308098585b80",
        "type": "github"
      },
      "original": {
        "owner": "minad",
        "repo": "vertico",
        "type": "github"
      }
    },
    "with-editor": {
      "flake": false,
      "locked": {
        "lastModified": 1754945625,
        "narHash": "sha256-KY0JFXFmuTepy69AOiQNWNC9aNGxHiu3WCDfhchP6CM=",
        "owner": "magit",
        "repo": "with-editor",
        "rev": "7787e19764c1089390584ac17a80129ef9afaa14",
        "type": "github"
      },
      "original": {
        "owner": "magit",
        "repo": "with-editor",
        "type": "github"
      }
    }
  },
  "root": "root",
  "version": 7
}
