{
  "nodes": {
    "async": {
      "flake": false,
      "locked": {
        "lastModified": 1451290400,
        "narHash": "sha256-5nTkAnB6SOsFg9aXOxI5oON9RBByVO3Lq/vrmqHVgw4=",
        "owner": "jwiegley",
        "repo": "emacs-async",
        "rev": "1794ea4955c6eeb62471b232a2d4fd6a6925a2c9",
        "type": "github"
      },
      "original": {
        "owner": "jwiegley",
        "repo": "emacs-async",
        "type": "github"
      }
    },
    "compat": {
      "flake": false,
      "locked": {
        "lastModified": 1738070327,
        "narHash": "sha256-1GtZMz6fk973MB3X3AtQj0n6zanKcz5fDGpi89rGzj0=",
        "owner": "emacs-compat",
        "repo": "compat",
        "rev": "bfc0a46098be2dcaad0518ec200ff5a2be5cc9bb",
        "type": "github"
      },
      "original": {
        "owner": "emacs-compat",
        "repo": "compat",
        "type": "github"
      }
    },
    "consult": {
      "flake": false,
      "locked": {
        "lastModified": 1738085430,
        "narHash": "sha256-MJjKuavbkH2FweIjtNs0LAd0ZZWq5GiwA0w8RoVoPis=",
        "owner": "minad",
        "repo": "consult",
        "rev": "5b0c682d7092e02a0e8e0f047370be8c61ad3b4e",
        "type": "github"
      },
      "original": {
        "owner": "minad",
        "repo": "consult",
        "type": "github"
      }
    },
    "dash": {
      "flake": false,
      "locked": {
        "lastModified": 1715347628,
        "narHash": "sha256-at42NCcdF9g7a55asnOCSqsvG+XhWuvVsHFT6kU9f9o=",
        "owner": "magnars",
        "repo": "dash.el",
        "rev": "1de9dcb83eacfb162b6d9a118a4770b1281bcd84",
        "type": "github"
      },
      "original": {
        "owner": "magnars",
        "repo": "dash.el",
        "type": "github"
      }
    },
    "doom-themes": {
      "flake": false,
      "locked": {
        "lastModified": 1736705570,
        "narHash": "sha256-B+hUvTsD/Rg2VzsjOczB+FkIhzYAo9IUJueqIUgZBds=",
        "owner": "doomemacs",
        "repo": "themes",
        "rev": "e506a8724156da3b1e62cb8136265e9705549d04",
        "type": "github"
      },
      "original": {
        "owner": "doomemacs",
        "repo": "themes",
        "type": "github"
      }
    },
    "drag-stuff": {
      "flake": false,
      "locked": {
        "lastModified": 1502911178,
        "narHash": "sha256-jeGQIL/on2++Wo9HFPUYbmupcv9wCtO/7AwUGSxCUrs=",
        "owner": "rejeep",
        "repo": "drag-stuff.el",
        "rev": "6d06d846cd37c052d79acd0f372c13006aa7e7c8",
        "type": "github"
      },
      "original": {
        "owner": "rejeep",
        "repo": "drag-stuff.el",
        "type": "github"
      }
    },
    "git-commit": {
      "flake": false,
      "locked": {
        "lastModified": 1725147338,
        "narHash": "sha256-UWZehIqeHp41b93jwqfAjeKZRuv99AJQu2GP2yGSKQo=",
        "owner": "magit",
        "repo": "magit",
        "rev": "9be8a4ab7a7dc6f34615f1011e8da263651c8f87",
        "type": "github"
      },
      "original": {
        "owner": "magit",
        "ref": "legacy-stub",
        "repo": "magit",
        "type": "github"
      }
    },
    "google-translate": {
      "flake": false,
      "locked": {
        "lastModified": 1736921359,
        "narHash": "sha256-/XUH8Tbp/5ftncod+5MdwPzRJe+XIQXsXkZEjFdGCbw=",
        "owner": "atykhonov",
        "repo": "google-translate",
        "rev": "e84599df7c70870b33dd6c902b527d7f78310815",
        "type": "github"
      },
      "original": {
        "owner": "atykhonov",
        "repo": "google-translate",
        "type": "github"
      }
    },
    "magit": {
      "flake": false,
      "locked": {
        "lastModified": 1738842782,
        "narHash": "sha256-DhZsbgwduFxtgZ1w/12tX8Jj/bQAm/vAEagbuLNCTD0=",
        "owner": "magit",
        "repo": "magit",
        "rev": "103e7d47e61f20f4c128bed37d07a3a8ba9806cf",
        "type": "github"
      },
      "original": {
        "owner": "magit",
        "repo": "magit",
        "type": "github"
      }
    },
    "magit-section": {
      "flake": false,
      "locked": {
        "lastModified": 1738842782,
        "narHash": "sha256-DhZsbgwduFxtgZ1w/12tX8Jj/bQAm/vAEagbuLNCTD0=",
        "owner": "magit",
        "repo": "magit",
        "rev": "103e7d47e61f20f4c128bed37d07a3a8ba9806cf",
        "type": "github"
      },
      "original": {
        "owner": "magit",
        "repo": "magit",
        "type": "github"
      }
    },
    "org-transclusion": {
      "flake": false,
      "locked": {
        "lastModified": 1737316616,
        "narHash": "sha256-uU+Vi+wlps+dvNT7elb2ax1opiLUw0cuyju9R+hjEAo=",
        "owner": "nobiot",
        "repo": "org-transclusion",
        "rev": "e9728b0b14b5c2e5d3b68af98f772ed99e136b48",
        "type": "github"
      },
      "original": {
        "owner": "nobiot",
        "repo": "org-transclusion",
        "type": "github"
      }
    },
    "popup": {
      "flake": false,
      "locked": {
        "lastModified": 1735721008,
        "narHash": "sha256-vY6r6uhPMMRG5ZjKB30rZuHPbpiebHLQnXYy1xjP8NY=",
        "owner": "auto-complete",
        "repo": "popup-el",
        "rev": "7a05700a37aae66d2b24f0cd8851f65383a5cf96",
        "type": "github"
      },
      "original": {
        "owner": "auto-complete",
        "repo": "popup-el",
        "type": "github"
      }
    },
    "refactor": {
      "flake": false,
      "locked": {
        "lastModified": 1294521240,
        "narHash": "sha256-/GCkvECaUbMvtv4digvqxaqlW68X4/d/P0Yn3WVnG6U=",
        "owner": "emacsattic",
        "repo": "refactor",
        "rev": "5ee61bbd2bc5622a802d9e9283c6e1b23e2bf580",
        "type": "github"
      },
      "original": {
        "owner": "emacsattic",
        "repo": "refactor",
        "type": "github"
      }
    },
    "root": {
      "inputs": {
        "async": "async",
        "compat": "compat",
        "consult": "consult",
        "dash": "dash",
        "doom-themes": "doom-themes",
        "drag-stuff": "drag-stuff",
        "git-commit": "git-commit",
        "google-translate": "google-translate",
        "magit": "magit",
        "magit-section": "magit-section",
        "org-transclusion": "org-transclusion",
        "popup": "popup",
        "refactor": "refactor",
        "tramp": "tramp",
        "undo-tree": "undo-tree",
        "vertico": "vertico",
        "with-editor": "with-editor"
      }
    },
    "tramp": {
      "flake": false,
      "locked": {
        "lastModified": 1738225436,
        "narHash": "sha256-16nL6SOtBF7hAX/2m7F+qzK/cDAHw8o8bWLImC0N7rY=",
        "ref": "externals/tramp",
        "rev": "8e038b0dc1fc16acf26c1c4b549a7be3c86e8a45",
        "revCount": 94,
        "type": "git",
        "url": "https://git.savannah.gnu.org/git/tramp.git"
      },
      "original": {
        "ref": "externals/tramp",
        "type": "git",
        "url": "https://git.savannah.gnu.org/git/tramp.git"
      }
    },
    "undo-tree": {
      "flake": false,
      "locked": {
        "lastModified": 1616545491,
        "narHash": "sha256-Lrp9ooVtDQWUE0/xEjfdJmE7tA7WJyJCbQhIJdeIkEQ=",
        "ref": "refs/heads/master",
        "rev": "2bf5e230f1d11df7bbd9d8c722749e34482bc458",
        "revCount": 201,
        "type": "git",
        "url": "https://gitlab.com/tsc25/undo-tree"
      },
      "original": {
        "type": "git",
        "url": "https://gitlab.com/tsc25/undo-tree"
      }
    },
    "vertico": {
      "flake": false,
      "locked": {
        "lastModified": 1738580141,
        "narHash": "sha256-nyBJ8PN374LDplv7yrUExi0T4RhXgGZJruzR3C0aFeg=",
        "owner": "minad",
        "repo": "vertico",
        "rev": "e69ef62ffa4bc42dd42437881c251ecdcae0e0c5",
        "type": "github"
      },
      "original": {
        "owner": "minad",
        "repo": "vertico",
        "type": "github"
      }
    },
    "with-editor": {
      "flake": false,
      "locked": {
        "lastModified": 1733062747,
        "narHash": "sha256-2vOaqiJsOapTRRIXwTg5j3jaAauLly7OJRtGDIzGQUA=",
        "owner": "magit",
        "repo": "with-editor",
        "rev": "ca902ae02972bdd6919a902be2593d8cb6bd991b",
        "type": "github"
      },
      "original": {
        "owner": "magit",
        "repo": "with-editor",
        "type": "github"
      }
    }
  },
  "root": "root",
  "version": 7
}
